// !$*UTF8*$!
{
	archiveVersion = 1;
	classes = {
	};
	objectVersion = 46;
	objects = {

/* Begin PBXBuildFile section */
		27159BE71BF4146B0078956F /* AppDelegate.swift in Sources */ = {isa = PBXBuildFile; fileRef = 27159BE61BF4146B0078956F /* AppDelegate.swift */; };
		27159BE91BF4146B0078956F /* CalculateViewController.swift in Sources */ = {isa = PBXBuildFile; fileRef = 27159BE81BF4146B0078956F /* CalculateViewController.swift */; };
		27159BEC1BF4146B0078956F /* Main.storyboard in Resources */ = {isa = PBXBuildFile; fileRef = 27159BEA1BF4146B0078956F /* Main.storyboard */; };
		27159BEE1BF4146B0078956F /* Assets.xcassets in Resources */ = {isa = PBXBuildFile; fileRef = 27159BED1BF4146B0078956F /* Assets.xcassets */; };
		27159BF11BF4146B0078956F /* LaunchScreen.storyboard in Resources */ = {isa = PBXBuildFile; fileRef = 27159BEF1BF4146B0078956F /* LaunchScreen.storyboard */; };
		27159BF91BF415540078956F /* LabelCollectionViewCell.swift in Sources */ = {isa = PBXBuildFile; fileRef = 27159BF81BF415540078956F /* LabelCollectionViewCell.swift */; };
		27159BFB1BF41CB30078956F /* LabelCollectionViewCell.xib in Resources */ = {isa = PBXBuildFile; fileRef = 27159BFA1BF41CB30078956F /* LabelCollectionViewCell.xib */; };
		27D30E0F1C24B94700FBB8DE /* SimpleViewController.swift in Sources */ = {isa = PBXBuildFile; fileRef = 27D30E0E1C24B94700FBB8DE /* SimpleViewController.swift */; };
/* End PBXBuildFile section */

/* Begin PBXFileReference section */
		27159BE31BF4146B0078956F /* CollectionViewCellHeight.app */ = {isa = PBXFileReference; explicitFileType = wrapper.application; includeInIndex = 0; path = CollectionViewCellHeight.app; sourceTree = BUILT_PRODUCTS_DIR; };
		27159BE61BF4146B0078956F /* AppDelegate.swift */ = {isa = PBXFileReference; lastKnownFileType = sourcecode.swift; path = AppDelegate.swift; sourceTree = "<group>"; };
		27159BE81BF4146B0078956F /* CalculateViewController.swift */ = {isa = PBXFileReference; lastKnownFileType = sourcecode.swift; name = CalculateViewController.swift; path = CollectionViewCellHeight/CalculateViewController.swift; sourceTree = "<group>"; };
		27159BEB1BF4146B0078956F /* Base */ = {isa = PBXFileReference; lastKnownFileType = file.storyboard; name = Base; path = Base.lproj/Main.storyboard; sourceTree = "<group>"; };
		27159BED1BF4146B0078956F /* Assets.xcassets */ = {isa = PBXFileReference; lastKnownFileType = folder.assetcatalog; name = Assets.xcassets; path = CollectionViewCellHeight/Assets.xcassets; sourceTree = "<group>"; };
		27159BF01BF4146B0078956F /* Base */ = {isa = PBXFileReference; lastKnownFileType = file.storyboard; name = Base; path = Base.lproj/LaunchScreen.storyboard; sourceTree = "<group>"; };
		27159BF21BF4146B0078956F /* Info.plist */ = {isa = PBXFileReference; lastKnownFileType = text.plist.xml; path = Info.plist; sourceTree = "<group>"; };
		27159BF81BF415540078956F /* LabelCollectionViewCell.swift */ = {isa = PBXFileReference; fileEncoding = 4; lastKnownFileType = sourcecode.swift; name = LabelCollectionViewCell.swift; path = CollectionViewCellHeight/LabelCollectionViewCell.swift; sourceTree = "<group>"; };
		27159BFA1BF41CB30078956F /* LabelCollectionViewCell.xib */ = {isa = PBXFileReference; fileEncoding = 4; lastKnownFileType = file.xib; name = LabelCollectionViewCell.xib; path = CollectionViewCellHeight/LabelCollectionViewCell.xib; sourceTree = "<group>"; };
		27D30E0E1C24B94700FBB8DE /* SimpleViewController.swift */ = {isa = PBXFileReference; fileEncoding = 4; lastKnownFileType = sourcecode.swift; name = SimpleViewController.swift; path = CollectionViewCellHeight/SimpleViewController.swift; sourceTree = "<group>"; };
/* End PBXFileReference section */

/* Begin PBXFrameworksBuildPhase section */
		27159BE01BF4146B0078956F /* Frameworks */ = {
			isa = PBXFrameworksBuildPhase;
			buildActionMask = 2147483647;
			files = (
			);
			runOnlyForDeploymentPostprocessing = 0;
		};
/* End PBXFrameworksBuildPhase section */

/* Begin PBXGroup section */
		27159BDA1BF4146B0078956F = {
			isa = PBXGroup;
			children = (
				27159BE51BF4146B0078956F /* Initialization */,
				27C6603A1C57FFF000B63439 /* Views */,
				27C6603B1C58000D00B63439 /* ViewControllers */,
				27159BE41BF4146B0078956F /* Products */,
			);
			sourceTree = "<group>";
		};
		27159BE41BF4146B0078956F /* Products */ = {
			isa = PBXGroup;
			children = (
				27159BE31BF4146B0078956F /* CollectionViewCellHeight.app */,
			);
			name = Products;
			sourceTree = "<group>";
		};
		27159BE51BF4146B0078956F /* Initialization */ = {
			isa = PBXGroup;
			children = (
				27159BE61BF4146B0078956F /* AppDelegate.swift */,
				27159BF21BF4146B0078956F /* Info.plist */,
			);
			name = Initialization;
			path = CollectionViewCellHeight;
			sourceTree = "<group>";
		};
		27C6603A1C57FFF000B63439 /* Views */ = {
			isa = PBXGroup;
			children = (
				27159BED1BF4146B0078956F /* Assets.xcassets */,
				27159BEA1BF4146B0078956F /* Main.storyboard */,
				27159BEF1BF4146B0078956F /* LaunchScreen.storyboard */,
				27159BFA1BF41CB30078956F /* LabelCollectionViewCell.xib */,
				27159BF81BF415540078956F /* LabelCollectionViewCell.swift */,
			);
			name = Views;
			sourceTree = "<group>";
		};
		27C6603B1C58000D00B63439 /* ViewControllers */ = {
			isa = PBXGroup;
			children = (
				27D30E0E1C24B94700FBB8DE /* SimpleViewController.swift */,
				27159BE81BF4146B0078956F /* CalculateViewController.swift */,
			);
			name = ViewControllers;
			sourceTree = "<group>";
		};
/* End PBXGroup section */

/* Begin PBXNativeTarget section */
		27159BE21BF4146B0078956F /* CollectionViewCellHeight */ = {
			isa = PBXNativeTarget;
			buildConfigurationList = 27159BF51BF4146B0078956F /* Build configuration list for PBXNativeTarget "CollectionViewCellHeight" */;
			buildPhases = (
				27159BDF1BF4146B0078956F /* Sources */,
				27159BE01BF4146B0078956F /* Frameworks */,
				27159BE11BF4146B0078956F /* Resources */,
			);
			buildRules = (
			);
			dependencies = (
			);
			name = CollectionViewCellHeight;
			productName = CollectionViewCellHeight;
			productReference = 27159BE31BF4146B0078956F /* CollectionViewCellHeight.app */;
			productType = "com.apple.product-type.application";
		};
/* End PBXNativeTarget section */

/* Begin PBXProject section */
		27159BDB1BF4146B0078956F /* Project object */ = {
			isa = PBXProject;
			attributes = {
				LastSwiftUpdateCheck = 0710;
				LastUpgradeCheck = 0710;
				ORGANIZATIONNAME = "Jeremiah Gage";
				TargetAttributes = {
					27159BE21BF4146B0078956F = {
						CreatedOnToolsVersion = 7.1.1;
					};
				};
			};
			buildConfigurationList = 27159BDE1BF4146B0078956F /* Build configuration list for PBXProject "CollectionViewCellHeight" */;
			compatibilityVersion = "Xcode 3.2";
			developmentRegion = English;
			hasScannedForEncodings = 0;
			knownRegions = (
				en,
				Base,
			);
			mainGroup = 27159BDA1BF4146B0078956F;
			productRefGroup = 27159BE41BF4146B0078956F /* Products */;
			projectDirPath = "";
			projectRoot = "";
			targets = (
				27159BE21BF4146B0078956F /* CollectionViewCellHeight */,
			);
		};
/* End PBXProject section */

/* Begin PBXResourcesBuildPhase section */
		27159BE11BF4146B0078956F /* Resources */ = {
			isa = PBXResourcesBuildPhase;
			buildActionMask = 2147483647;
			files = (
				27159BF11BF4146B0078956F /* LaunchScreen.storyboard in Resources */,
				27159BEE1BF4146B0078956F /* Assets.xcassets in Resources */,
				27159BEC1BF4146B0078956F /* Main.storyboard in Resources */,
				27159BFB1BF41CB30078956F /* LabelCollectionViewCell.xib in Resources */,
			);
			runOnlyForDeploymentPostprocessing = 0;
		};
/* End PBXResourcesBuildPhase section */

/* Begin PBXSourcesBuildPhase section */
		27159BDF1BF4146B0078956F /* Sources */ = {
			isa = PBXSourcesBuildPhase;
			buildActionMask = 2147483647;
			files = (
				27159BF91BF415540078956F /* LabelCollectionViewCell.swift in Sources */,
				27D30E0F1C24B94700FBB8DE /* SimpleViewController.swift in Sources */,
				27159BE91BF4146B0078956F /* CalculateViewController.swift in Sources */,
				27159BE71BF4146B0078956F /* AppDelegate.swift in Sources */,
			);
			runOnlyForDeploymentPostprocessing = 0;
		};
/* End PBXSourcesBuildPhase section */

/* Begin PBXVariantGroup section */
		27159BEA1BF4146B0078956F /* Main.storyboard */ = {
			isa = PBXVariantGroup;
			children = (
				27159BEB1BF4146B0078956F /* Base */,
			);
			name = Main.storyboard;
			path = CollectionViewCellHeight;
			sourceTree = "<group>";
		};
		27159BEF1BF4146B0078956F /* LaunchScreen.storyboard */ = {
			isa = PBXVariantGroup;
			children = (
				27159BF01BF4146B0078956F /* Base */,
			);
			name = LaunchScreen.storyboard;
			path = CollectionViewCellHeight;
			sourceTree = "<group>";
		};
/* End PBXVariantGroup section */

/* Begin XCBuildConfiguration section */
		27159BF31BF4146B0078956F /* Debug */ = {
			isa = XCBuildConfiguration;
			buildSettings = {
				ALWAYS_SEARCH_USER_PATHS = NO;
				CLANG_CXX_LANGUAGE_STANDARD = "gnu++0x";
				CLANG_CXX_LIBRARY = "libc++";
				CLANG_ENABLE_MODULES = YES;
				CLANG_ENABLE_OBJC_ARC = YES;
				CLANG_WARN_BOOL_CONVERSION = YES;
				CLANG_WARN_CONSTANT_CONVERSION = YES;
				CLANG_WARN_DIRECT_OBJC_ISA_USAGE = YES_ERROR;
				CLANG_WARN_EMPTY_BODY = YES;
				CLANG_WARN_ENUM_CONVERSION = YES;
				CLANG_WARN_INT_CONVERSION = YES;
				CLANG_WARN_OBJC_ROOT_CLASS = YES_ERROR;
				CLANG_WARN_UNREACHABLE_CODE = YES;
				CLANG_WARN__DUPLICATE_METHOD_MATCH = YES;
				"CODE_SIGN_IDENTITY[sdk=iphoneos*]" = "iPhone Developer";
				COPY_PHASE_STRIP = NO;
				DEBUG_INFORMATION_FORMAT = dwarf;
				ENABLE_STRICT_OBJC_MSGSEND = YES;
				ENABLE_TESTABILITY = YES;
				GCC_C_LANGUAGE_STANDARD = gnu99;
				GCC_DYNAMIC_NO_PIC = NO;
				GCC_NO_COMMON_BLOCKS = YES;
				GCC_OPTIMIZATION_LEVEL = 0;
				GCC_PREPROCESSOR_DEFINITIONS = (
					"DEBUG=1",
					"$(inherited)",
				);
				GCC_WARN_64_TO_32_BIT_CONVERSION = YES;
				GCC_WARN_ABOUT_RETURN_TYPE = YES_ERROR;
				GCC_WARN_UNDECLARED_SELECTOR = YES;
				GCC_WARN_UNINITIALIZED_AUTOS = YES_AGGRESSIVE;
				GCC_WARN_UNUSED_FUNCTION = YES;
				GCC_WARN_UNUSED_VARIABLE = YES;
				IPHONEOS_DEPLOYMENT_TARGET = 9.1;
				MTL_ENABLE_DEBUG_INFO = YES;
				ONLY_ACTIVE_ARCH = YES;
				SDKROOT = iphoneos;
				SWIFT_OPTIMIZATION_LEVEL = "-Onone";
				TARGETED_DEVICE_FAMILY = "1,2";
			};
			name = Debug;
		};
		27159BF41BF4146B0078956F /* Release */ = {
			isa = XCBuildConfiguration;
			buildSettings = {
				ALWAYS_SEARCH_USER_PATHS = NO;
				CLANG_CXX_LANGUAGE_STANDARD = "gnu++0x";
				CLANG_CXX_LIBRARY = "libc++";
				CLANG_ENABLE_MODULES = YES;
				CLANG_ENABLE_OBJC_ARC = YES;
				CLANG_WARN_BOOL_CONVERSION = YES;
				CLANG_WARN_CONSTANT_CONVERSION = YES;
				CLANG_WARN_DIRECT_OBJC_ISA_USAGE = YES_ERROR;
				CLANG_WARN_EMPTY_BODY = YES;
				CLANG_WARN_ENUM_CONVERSION = YES;
				CLANG_WARN_INT_CONVERSION = YES;
				CLANG_WARN_OBJC_ROOT_CLASS = YES_ERROR;
				CLANG_WARN_UNREACHABLE_CODE = YES;
				CLANG_WARN__DUPLICATE_METHOD_MATCH = YES;
				"CODE_SIGN_IDENTITY[sdk=iphoneos*]" = "iPhone Developer";
				COPY_PHASE_STRIP = NO;
				DEBUG_INFORMATION_FORMAT = "dwarf-with-dsym";
				ENABLE_NS_ASSERTIONS = NO;
				ENABLE_STRICT_OBJC_MSGSEND = YES;
				GCC_C_LANGUAGE_STANDARD = gnu99;
				GCC_NO_COMMON_BLOCKS = YES;
				GCC_WARN_64_TO_32_BIT_CONVERSION = YES;
				GCC_WARN_ABOUT_RETURN_TYPE = YES_ERROR;
				GCC_WARN_UNDECLARED_SELECTOR = YES;
				GCC_WARN_UNINITIALIZED_AUTOS = YES_AGGRESSIVE;
				GCC_WARN_UNUSED_FUNCTION = YES;
				GCC_WARN_UNUSED_VARIABLE = YES;
				IPHONEOS_DEPLOYMENT_TARGET = 9.1;
				MTL_ENABLE_DEBUG_INFO = NO;
				SDKROOT = iphoneos;
				TARGETED_DEVICE_FAMILY = "1,2";
				VALIDATE_PRODUCT = YES;
			};
			name = Release;
		};
		27159BF61BF4146B0078956F /* Debug */ = {
			isa = XCBuildConfiguration;
			buildSettings = {
				ASSETCATALOG_COMPILER_APPICON_NAME = AppIcon;
				INFOPLIST_FILE = CollectionViewCellHeight/Info.plist;
				IPHONEOS_DEPLOYMENT_TARGET = 8.0;
				LD_RUNPATH_SEARCH_PATHS = "$(inherited) @executable_path/Frameworks";
				PRODUCT_BUNDLE_IDENTIFIER = com.possiblemobile.CollectionViewCellHeight;
				PRODUCT_NAME = "$(TARGET_NAME)";
			};
			name = Debug;
		};
		27159BF71BF4146B0078956F /* Release */ = {
			isa = XCBuildConfiguration;
			buildSettings = {
				ASSETCATALOG_COMPILER_APPICON_NAME = AppIcon;
				INFOPLIST_FILE = CollectionViewCellHeight/Info.plist;
				IPHONEOS_DEPLOYMENT_TARGET = 8.0;
				LD_RUNPATH_SEARCH_PATHS = "$(inherited) @executable_path/Frameworks";
				PRODUCT_BUNDLE_IDENTIFIER = com.possiblemobile.CollectionViewCellHeight;
				PRODUCT_NAME = "$(TARGET_NAME)";
			};
			name = Release;
		};
/* End XCBuildConfiguration section */

/* Begin XCConfigurationList section */
		27159BDE1BF4146B0078956F /* Build configuration list for PBXProject "CollectionViewCellHeight" */ = {
			isa = XCConfigurationList;
			buildConfigurations = (
				27159BF31BF4146B0078956F /* Debug */,
				27159BF41BF4146B0078956F /* Release */,
			);
			defaultConfigurationIsVisible = 0;
			defaultConfigurationName = Release;
		};
		27159BF51BF4146B0078956F /* Build configuration list for PBXNativeTarget "CollectionViewCellHeight" */ = {
			isa = XCConfigurationList;
			buildConfigurations = (
				27159BF61BF4146B0078956F /* Debug */,
				27159BF71BF4146B0078956F /* Release */,
			);
			defaultConfigurationIsVisible = 0;
			defaultConfigurationName = Release;
		};
/* End XCConfigurationList section */
	};
	rootObject = 27159BDB1BF4146B0078956F /* Project object */;
}
